
Microsoft Visual Studio Solution File, Format Version 12.00
# Visual Studio Version 17
VisualStudioVersion = 17.5.33516.290
MinimumVisualStudioVersion = 10.0.40219.1
Project("{FAE04EC0-301F-11D3-BF4B-00C04F79EFBC}") = "PrjEcommersProyect", "PrjEcommersProyect\PrjEcommersProyect.csproj", "{AEEF06CA-7573-459D-85B2-9705CF0897AA}"
EndProject
Global
	GlobalSection(SolutionConfigurationPlatforms) = preSolution
		Debug|Any CPU = Debug|Any CPU
		Release|Any CPU = Release|Any CPU
	EndGlobalSection
	GlobalSection(ProjectConfigurationPlatforms) = postSolution
		{AEEF06CA-7573-459D-85B2-9705CF0897AA}.Debug|Any CPU.ActiveCfg = Debug|Any CPU
		{AEEF06CA-7573-459D-85B2-9705CF0897AA}.Debug|Any CPU.Build.0 = Debug|Any CPU
		{AEEF06CA-7573-459D-85B2-9705CF0897AA}.Release|Any CPU.ActiveCfg = Release|Any CPU
		{AEEF06CA-7573-459D-85B2-9705CF0897AA}.Release|Any CPU.Build.0 = Release|Any CPU
	EndGlobalSection
	GlobalSection(SolutionProperties) = preSolution
		HideSolutionNode = FALSE
	EndGlobalSection
	GlobalSection(ExtensibilityGlobals) = postSolution
		SolutionGuid = {1BDD72EE-27F8-4CE0-93FE-52B17B6ED4B4}
	EndGlobalSection
EndGlobal
